
Microsoft Visual Studio Solution File, Format Version 12.00
# Visual Studio 15
VisualStudioVersion = 15.0.28307.1401
MinimumVisualStudioVersion = 10.0.40219.1
Project("{FAE04EC0-301F-11D3-BF4B-00C04F79EFBC}") = "Bubble Sort", "Bubble Sort\Bubble Sort.csproj", "{C00ECC16-4720-419B-9A10-2B8567033975}"
EndProject
Project("{FAE04EC0-301F-11D3-BF4B-00C04F79EFBC}") = "MergeSort", "MergeSort\MergeSort.csproj", "{57A82376-F496-4053-86D0-B7DE4FF90ECA}"
EndProject
Global
	GlobalSection(SolutionConfigurationPlatforms) = preSolution
		Debug|Any CPU = Debug|Any CPU
		Release|Any CPU = Release|Any CPU
	EndGlobalSection
	GlobalSection(ProjectConfigurationPlatforms) = postSolution
		{C00ECC16-4720-419B-9A10-2B8567033975}.Debug|Any CPU.ActiveCfg = Debug|Any CPU
		{C00ECC16-4720-419B-9A10-2B8567033975}.Debug|Any CPU.Build.0 = Debug|Any CPU
		{C00ECC16-4720-419B-9A10-2B8567033975}.Release|Any CPU.ActiveCfg = Release|Any CPU
		{C00ECC16-4720-419B-9A10-2B8567033975}.Release|Any CPU.Build.0 = Release|Any CPU
		{57A82376-F496-4053-86D0-B7DE4FF90ECA}.Debug|Any CPU.ActiveCfg = Debug|Any CPU
		{57A82376-F496-4053-86D0-B7DE4FF90ECA}.Debug|Any CPU.Build.0 = Debug|Any CPU
		{57A82376-F496-4053-86D0-B7DE4FF90ECA}.Release|Any CPU.ActiveCfg = Release|Any CPU
		{57A82376-F496-4053-86D0-B7DE4FF90ECA}.Release|Any CPU.Build.0 = Release|Any CPU
	EndGlobalSection
	GlobalSection(SolutionProperties) = preSolution
		HideSolutionNode = FALSE
	EndGlobalSection
	GlobalSection(ExtensibilityGlobals) = postSolution
		SolutionGuid = {938D31E9-AA29-483A-8E2D-BA2A27B15E28}
	EndGlobalSection
EndGlobal
